
Microsoft Visual Studio Solution File, Format Version 12.00
# Visual Studio 15
Project("{FAE04EC0-301F-11D3-BF4B-00C04F79EFBC}") = "Assembly-CSharp", "Assembly-CSharp.csproj", "{B885F932-0190-F2B8-4E4F-515FAC6F43F6}"
EndProject
Project("{FAE04EC0-301F-11D3-BF4B-00C04F79EFBC}") = "Assembly-CSharp-Editor", "Assembly-CSharp-Editor.csproj", "{784485AF-E7C3-3925-19B7-4901BB89E82B}"
EndProject
Project("{FAE04EC0-301F-11D3-BF4B-00C04F79EFBC}") = "PackageManagerAssembly", "PackageManagerAssembly.csproj", "{1E356552-B502-68AD-AB06-CA69DA719842}"
EndProject
Project("{FAE04EC0-301F-11D3-BF4B-00C04F79EFBC}") = "ExternalCheck", "ExternalCheck.csproj", "{932A3ECF-8E6F-36E9-50D5-96D31FF37046}"
EndProject
Global
	GlobalSection(SolutionConfigurationPlatforms) = preSolution
		Debug|Any CPU = Debug|Any CPU
		Release|Any CPU = Release|Any CPU
	EndGlobalSection
	GlobalSection(ProjectConfigurationPlatforms) = postSolution
		{B885F932-0190-F2B8-4E4F-515FAC6F43F6}.Debug|Any CPU.ActiveCfg = Debug|Any CPU
		{B885F932-0190-F2B8-4E4F-515FAC6F43F6}.Debug|Any CPU.Build.0 = Debug|Any CPU
		{B885F932-0190-F2B8-4E4F-515FAC6F43F6}.Release|Any CPU.ActiveCfg = Release|Any CPU
		{B885F932-0190-F2B8-4E4F-515FAC6F43F6}.Release|Any CPU.Build.0 = Release|Any CPU
		{784485AF-E7C3-3925-19B7-4901BB89E82B}.Debug|Any CPU.ActiveCfg = Debug|Any CPU
		{784485AF-E7C3-3925-19B7-4901BB89E82B}.Debug|Any CPU.Build.0 = Debug|Any CPU
		{784485AF-E7C3-3925-19B7-4901BB89E82B}.Release|Any CPU.ActiveCfg = Release|Any CPU
		{784485AF-E7C3-3925-19B7-4901BB89E82B}.Release|Any CPU.Build.0 = Release|Any CPU
		{1E356552-B502-68AD-AB06-CA69DA719842}.Debug|Any CPU.ActiveCfg = Debug|Any CPU
		{1E356552-B502-68AD-AB06-CA69DA719842}.Debug|Any CPU.Build.0 = Debug|Any CPU
		{1E356552-B502-68AD-AB06-CA69DA719842}.Release|Any CPU.ActiveCfg = Release|Any CPU
		{1E356552-B502-68AD-AB06-CA69DA719842}.Release|Any CPU.Build.0 = Release|Any CPU
		{932A3ECF-8E6F-36E9-50D5-96D31FF37046}.Debug|Any CPU.ActiveCfg = Debug|Any CPU
		{932A3ECF-8E6F-36E9-50D5-96D31FF37046}.Debug|Any CPU.Build.0 = Debug|Any CPU
		{932A3ECF-8E6F-36E9-50D5-96D31FF37046}.Release|Any CPU.ActiveCfg = Release|Any CPU
		{932A3ECF-8E6F-36E9-50D5-96D31FF37046}.Release|Any CPU.Build.0 = Release|Any CPU
	EndGlobalSection
	GlobalSection(SolutionProperties) = preSolution
		HideSolutionNode = FALSE
	EndGlobalSection
EndGlobal
